{
  "name": "portfolio_js_moe",
  "version": "1.0.0",
  "lockfileVersion": 1,
  "requires": true,
  "dependencies": {
    "@firebase/analytics": {
      "version": "0.9.5",
      "resolved": "https://registry.npmjs.org/@firebase/analytics/-/analytics-0.9.5.tgz",
      "integrity": "sha512-hJTVs2jLxPXE7hs7D/jaEsgGivrm7tSEl65kb5NkDBWV7QQBUnRfVML/xra9nTFLLJhAdbExZPHg6HfIuMSYEQ==",
      "requires": {
        "@firebase/component": "0.6.4",
        "@firebase/installations": "0.6.4",
        "@firebase/logger": "0.4.0",
        "@firebase/util": "1.9.3",
        "tslib": "^2.1.0"
      }
    },
    "@firebase/analytics-compat": {
      "version": "0.2.5",
      "resolved": "https://registry.npmjs.org/@firebase/analytics-compat/-/analytics-compat-0.2.5.tgz",
      "integrity": "sha512-ohKUrwSoXvyUJdSLuDr82mOqrzgWKyHMUt9/TfYKkyDXnFjNlBcFBpkpl/UHMAOJe0M60YYXiVCZoGQYldCslA==",
      "requires": {
        "@firebase/analytics": "0.9.5",
        "@firebase/analytics-types": "0.8.0",
        "@firebase/component": "0.6.4",
        "@firebase/util": "1.9.3",
        "tslib": "^2.1.0"
      }
    },
    "@firebase/analytics-types": {
      "version": "0.8.0",
      "resolved": "https://registry.npmjs.org/@firebase/analytics-types/-/analytics-types-0.8.0.tgz",
      "integrity": "sha512-iRP+QKI2+oz3UAh4nPEq14CsEjrjD6a5+fuypjScisAh9kXKFvdJOZJDwk7kikLvWVLGEs9+kIUS4LPQV7VZVw=="
    },
    "@firebase/app": {
      "version": "0.9.7",
      "resolved": "https://registry.npmjs.org/@firebase/app/-/app-0.9.7.tgz",
      "integrity": "sha512-ADnRXaW4XQF11QYYhZQEJEtOGnmLkGl2FCixCxPighLrmJmGwCZrzSFtwITd8w/EU3dRYaU5Og37VfnY+gKxGw==",
      "requires": {
        "@firebase/component": "0.6.4",
        "@firebase/logger": "0.4.0",
        "@firebase/util": "1.9.3",
        "idb": "7.0.1",
        "tslib": "^2.1.0"
      }
    },
    "@firebase/app-check": {
      "version": "0.6.4",
      "resolved": "https://registry.npmjs.org/@firebase/app-check/-/app-check-0.6.4.tgz",
      "integrity": "sha512-M9qyVTWkEkHXmgwGtObvXQqKcOe9iKAOPqm0pCe74mzgKVTNq157ff39+fxHPb4nFbipToY+GuvtabLUzkHehQ==",
      "requires": {
        "@firebase/component": "0.6.4",
        "@firebase/logger": "0.4.0",
        "@firebase/util": "1.9.3",
        "tslib": "^2.1.0"
      }
    },
    "@firebase/app-check-compat": {
      "version": "0.3.4",
      "resolved": "https://registry.npmjs.org/@firebase/app-check-compat/-/app-check-compat-0.3.4.tgz",
      "integrity": "sha512-s6ON0ixPKe99M1DNYMI2eR5aLwQZgy0z8fuW1tnEbzg5p/N/GKFmqiIHSV4gfp8+X7Fw5NLm7qMfh4xrcPgQCw==",
      "requires": {
        "@firebase/app-check": "0.6.4",
        "@firebase/app-check-types": "0.5.0",
        "@firebase/component": "0.6.4",
        "@firebase/logger": "0.4.0",
        "@firebase/util": "1.9.3",
        "tslib": "^2.1.0"
      }
    },
    "@firebase/app-check-interop-types": {
      "version": "0.2.0",
      "resolved": "https://registry.npmjs.org/@firebase/app-check-interop-types/-/app-check-interop-types-0.2.0.tgz",
      "integrity": "sha512-+3PQIeX6/eiVK+x/yg8r6xTNR97fN7MahFDm+jiQmDjcyvSefoGuTTNQuuMScGyx3vYUBeZn+Cp9kC0yY/9uxQ=="
    },
    "@firebase/app-check-types": {
      "version": "0.5.0",
      "resolved": "https://registry.npmjs.org/@firebase/app-check-types/-/app-check-types-0.5.0.tgz",
      "integrity": "sha512-uwSUj32Mlubybw7tedRzR24RP8M8JUVR3NPiMk3/Z4bCmgEKTlQBwMXrehDAZ2wF+TsBq0SN1c6ema71U/JPyQ=="
    },
    "@firebase/app-compat": {
      "version": "0.2.7",
      "resolved": "https://registry.npmjs.org/@firebase/app-compat/-/app-compat-0.2.7.tgz",
      "integrity": "sha512-KYBUKoRrvSGW8jqKgARRsma0lJie9M0zyWhPF3PNjqc9pYsw7SZXp5s5SzsheeCXzIDFydP5uEA4f1Z87D7CxQ==",
      "requires": {
        "@firebase/app": "0.9.7",
        "@firebase/component": "0.6.4",
        "@firebase/logger": "0.4.0",
        "@firebase/util": "1.9.3",
        "tslib": "^2.1.0"
      }
    },
    "@firebase/app-types": {
      "version": "0.9.0",
      "resolved": "https://registry.npmjs.org/@firebase/app-types/-/app-types-0.9.0.tgz",
      "integrity": "sha512-AeweANOIo0Mb8GiYm3xhTEBVCmPwTYAu9Hcd2qSkLuga/6+j9b1Jskl5bpiSQWy9eJ/j5pavxj6eYogmnuzm+Q=="
    },
    "@firebase/auth": {
      "version": "0.22.0",
      "resolved": "https://registry.npmjs.org/@firebase/auth/-/auth-0.22.0.tgz",
      "integrity": "sha512-4PiaDJEhJ7FNo48WG0TAlqHiCuRBXxUow2q+0emh+PhmM0cLT1UdqK1EuWWGc5CY+ztNQZUh+Yzeh+nv9tZL0w==",
      "requires": {
        "@firebase/component": "0.6.4",
        "@firebase/logger": "0.4.0",
        "@firebase/util": "1.9.3",
        "node-fetch": "2.6.7",
        "tslib": "^2.1.0"
      }
    },
    "@firebase/auth-compat": {
      "version": "0.3.7",
      "resolved": "https://registry.npmjs.org/@firebase/auth-compat/-/auth-compat-0.3.7.tgz",
      "integrity": "sha512-+r8/++hYZLA/to6Iq8A70LTUsZvhkdT2R4mB4oJGxryJ7vNjpuP5m5hfAd42h/VvX8eT1OXJCENCfEZoDyhksA==",
      "requires": {
        "@firebase/auth": "0.22.0",
        "@firebase/auth-types": "0.12.0",
        "@firebase/component": "0.6.4",
        "@firebase/util": "1.9.3",
        "node-fetch": "2.6.7",
        "tslib": "^2.1.0"
      }
    },
    "@firebase/auth-interop-types": {
      "version": "0.2.1",
      "resolved": "https://registry.npmjs.org/@firebase/auth-interop-types/-/auth-interop-types-0.2.1.tgz",
      "integrity": "sha512-VOaGzKp65MY6P5FI84TfYKBXEPi6LmOCSMMzys6o2BN2LOsqy7pCuZCup7NYnfbk5OkkQKzvIfHOzTm0UDpkyg=="
    },
    "@firebase/auth-types": {
      "version": "0.12.0",
      "resolved": "https://registry.npmjs.org/@firebase/auth-types/-/auth-types-0.12.0.tgz",
      "integrity": "sha512-pPwaZt+SPOshK8xNoiQlK5XIrS97kFYc3Rc7xmy373QsOJ9MmqXxLaYssP5Kcds4wd2qK//amx/c+A8O2fVeZA=="
    },
    "@firebase/component": {
      "version": "0.6.4",
      "resolved": "https://registry.npmjs.org/@firebase/component/-/component-0.6.4.tgz",
      "integrity": "sha512-rLMyrXuO9jcAUCaQXCMjCMUsWrba5fzHlNK24xz5j2W6A/SRmK8mZJ/hn7V0fViLbxC0lPMtrK1eYzk6Fg03jA==",
      "requires": {
        "@firebase/util": "1.9.3",
        "tslib": "^2.1.0"
      }
    },
    "@firebase/database": {
      "version": "0.14.4",
      "resolved": "https://registry.npmjs.org/@firebase/database/-/database-0.14.4.tgz",
      "integrity": "sha512-+Ea/IKGwh42jwdjCyzTmeZeLM3oy1h0mFPsTy6OqCWzcu/KFqRAr5Tt1HRCOBlNOdbh84JPZC47WLU18n2VbxQ==",
      "requires": {
        "@firebase/auth-interop-types": "0.2.1",
        "@firebase/component": "0.6.4",
        "@firebase/logger": "0.4.0",
        "@firebase/util": "1.9.3",
        "faye-websocket": "0.11.4",
        "tslib": "^2.1.0"
      }
    },
    "@firebase/database-compat": {
      "version": "0.3.4",
      "resolved": "https://registry.npmjs.org/@firebase/database-compat/-/database-compat-0.3.4.tgz",
      "integrity": "sha512-kuAW+l+sLMUKBThnvxvUZ+Q1ZrF/vFJ58iUY9kAcbX48U03nVzIF6Tmkf0p3WVQwMqiXguSgtOPIB6ZCeF+5Gg==",
      "requires": {
        "@firebase/component": "0.6.4",
        "@firebase/database": "0.14.4",
        "@firebase/database-types": "0.10.4",
        "@firebase/logger": "0.4.0",
        "@firebase/util": "1.9.3",
        "tslib": "^2.1.0"
      }
    },
    "@firebase/database-types": {
      "version": "0.10.4",
      "resolved": "https://registry.npmjs.org/@firebase/database-types/-/database-types-0.10.4.tgz",
      "integrity": "sha512-dPySn0vJ/89ZeBac70T+2tWWPiJXWbmRygYv0smT5TfE3hDrQ09eKMF3Y+vMlTdrMWq7mUdYW5REWPSGH4kAZQ==",
      "requires": {
        "@firebase/app-types": "0.9.0",
        "@firebase/util": "1.9.3"
      }
    },
    "@firebase/firestore": {
      "version": "3.10.0",
      "resolved": "https://registry.npmjs.org/@firebase/firestore/-/firestore-3.10.0.tgz",
      "integrity": "sha512-St6yy2r7zYxJiAEiI19aQJqxVV8LDvlmeK52R9KMn2nZsgdDVOurch1cH7bBl0OxEgfiVxBmAQJLYvZc+qwAgw==",
      "requires": {
        "@firebase/component": "0.6.4",
        "@firebase/logger": "0.4.0",
        "@firebase/util": "1.9.3",
        "@firebase/webchannel-wrapper": "0.9.0",
        "@grpc/grpc-js": "~1.7.0",
        "@grpc/proto-loader": "^0.6.13",
        "node-fetch": "2.6.7",
        "tslib": "^2.1.0"
      }
    },
    "@firebase/firestore-compat": {
      "version": "0.3.6",
      "resolved": "https://registry.npmjs.org/@firebase/firestore-compat/-/firestore-compat-0.3.6.tgz",
      "integrity": "sha512-svS8oV0nwTyoHW5mslFV0gRb3FLpRQGjz2F7nc5imnPUTjSJmAfXECtgs5HG5MSJM/laSimfAeGuQVh5FM1AEw==",
      "requires": {
        "@firebase/component": "0.6.4",
        "@firebase/firestore": "3.10.0",
        "@firebase/firestore-types": "2.5.1",
        "@firebase/util": "1.9.3",
        "tslib": "^2.1.0"
      }
    },
    "@firebase/firestore-types": {
      "version": "2.5.1",
      "resolved": "https://registry.npmjs.org/@firebase/firestore-types/-/firestore-types-2.5.1.tgz",
      "integrity": "sha512-xG0CA6EMfYo8YeUxC8FeDzf6W3FX1cLlcAGBYV6Cku12sZRI81oWcu61RSKM66K6kUENP+78Qm8mvroBcm1whw=="
    },
    "@firebase/functions": {
      "version": "0.9.4",
      "resolved": "https://registry.npmjs.org/@firebase/functions/-/functions-0.9.4.tgz",
      "integrity": "sha512-3H2qh6U+q+nepO5Hds+Ddl6J0pS+zisuBLqqQMRBHv9XpWfu0PnDHklNmE8rZ+ccTEXvBj6zjkPfdxt6NisvlQ==",
      "requires": {
        "@firebase/app-check-interop-types": "0.2.0",
        "@firebase/auth-interop-types": "0.2.1",
        "@firebase/component": "0.6.4",
        "@firebase/messaging-interop-types": "0.2.0",
        "@firebase/util": "1.9.3",
        "node-fetch": "2.6.7",
        "tslib": "^2.1.0"
      }
    },
    "@firebase/functions-compat": {
      "version": "0.3.4",
      "resolved": "https://registry.npmjs.org/@firebase/functions-compat/-/functions-compat-0.3.4.tgz",
      "integrity": "sha512-kxVxTGyLV1MBR3sp3mI+eQ6JBqz0G5bk310F8eX4HzDFk4xjk5xY0KdHktMH+edM2xs1BOg0vwvvsAHczIjB+w==",
      "requires": {
        "@firebase/component": "0.6.4",
        "@firebase/functions": "0.9.4",
        "@firebase/functions-types": "0.6.0",
        "@firebase/util": "1.9.3",
        "tslib": "^2.1.0"
      }
    },
    "@firebase/functions-types": {
      "version": "0.6.0",
      "resolved": "https://registry.npmjs.org/@firebase/functions-types/-/functions-types-0.6.0.tgz",
      "integrity": "sha512-hfEw5VJtgWXIRf92ImLkgENqpL6IWpYaXVYiRkFY1jJ9+6tIhWM7IzzwbevwIIud/jaxKVdRzD7QBWfPmkwCYw=="
    },
    "@firebase/installations": {
      "version": "0.6.4",
      "resolved": "https://registry.npmjs.org/@firebase/installations/-/installations-0.6.4.tgz",
      "integrity": "sha512-u5y88rtsp7NYkCHC3ElbFBrPtieUybZluXyzl7+4BsIz4sqb4vSAuwHEUgCgCeaQhvsnxDEU6icly8U9zsJigA==",
      "requires": {
        "@firebase/component": "0.6.4",
        "@firebase/util": "1.9.3",
        "idb": "7.0.1",
        "tslib": "^2.1.0"
      }
    },
    "@firebase/installations-compat": {
      "version": "0.2.4",
      "resolved": "https://registry.npmjs.org/@firebase/installations-compat/-/installations-compat-0.2.4.tgz",
      "integrity": "sha512-LI9dYjp0aT9Njkn9U4JRrDqQ6KXeAmFbRC0E7jI7+hxl5YmRWysq5qgQl22hcWpTk+cm3es66d/apoDU/A9n6Q==",
      "requires": {
        "@firebase/component": "0.6.4",
        "@firebase/installations": "0.6.4",
        "@firebase/installations-types": "0.5.0",
        "@firebase/util": "1.9.3",
        "tslib": "^2.1.0"
      }
    },
    "@firebase/installations-types": {
      "version": "0.5.0",
      "resolved": "https://registry.npmjs.org/@firebase/installations-types/-/installations-types-0.5.0.tgz",
      "integrity": "sha512-9DP+RGfzoI2jH7gY4SlzqvZ+hr7gYzPODrbzVD82Y12kScZ6ZpRg/i3j6rleto8vTFC8n6Len4560FnV1w2IRg=="
    },
    "@firebase/logger": {
      "version": "0.4.0",
      "resolved": "https://registry.npmjs.org/@firebase/logger/-/logger-0.4.0.tgz",
      "integrity": "sha512-eRKSeykumZ5+cJPdxxJRgAC3G5NknY2GwEbKfymdnXtnT0Ucm4pspfR6GT4MUQEDuJwRVbVcSx85kgJulMoFFA==",
      "requires": {
        "tslib": "^2.1.0"
      }
    },
    "@firebase/messaging": {
      "version": "0.12.4",
      "resolved": "https://registry.npmjs.org/@firebase/messaging/-/messaging-0.12.4.tgz",
      "integrity": "sha512-6JLZct6zUaex4g7HI3QbzeUrg9xcnmDAPTWpkoMpd/GoSVWH98zDoWXMGrcvHeCAIsLpFMe4MPoZkJbrPhaASw==",
      "requires": {
        "@firebase/component": "0.6.4",
        "@firebase/installations": "0.6.4",
        "@firebase/messaging-interop-types": "0.2.0",
        "@firebase/util": "1.9.3",
        "idb": "7.0.1",
        "tslib": "^2.1.0"
      }
    },
    "@firebase/messaging-compat": {
      "version": "0.2.4",
      "resolved": "https://registry.npmjs.org/@firebase/messaging-compat/-/messaging-compat-0.2.4.tgz",
      "integrity": "sha512-lyFjeUhIsPRYDPNIkYX1LcZMpoVbBWXX4rPl7c/rqc7G+EUea7IEtSt4MxTvh6fDfPuzLn7+FZADfscC+tNMfg==",
      "requires": {
        "@firebase/component": "0.6.4",
        "@firebase/messaging": "0.12.4",
        "@firebase/util": "1.9.3",
        "tslib": "^2.1.0"
      }
    },
    "@firebase/messaging-interop-types": {
      "version": "0.2.0",
      "resolved": "https://registry.npmjs.org/@firebase/messaging-interop-types/-/messaging-interop-types-0.2.0.tgz",
      "integrity": "sha512-ujA8dcRuVeBixGR9CtegfpU4YmZf3Lt7QYkcj693FFannwNuZgfAYaTmbJ40dtjB81SAu6tbFPL9YLNT15KmOQ=="
    },
    "@firebase/performance": {
      "version": "0.6.4",
      "resolved": "https://registry.npmjs.org/@firebase/performance/-/performance-0.6.4.tgz",
      "integrity": "sha512-HfTn/bd8mfy/61vEqaBelNiNnvAbUtME2S25A67Nb34zVuCSCRIX4SseXY6zBnOFj3oLisaEqhVcJmVPAej67g==",
      "requires": {
        "@firebase/component": "0.6.4",
        "@firebase/installations": "0.6.4",
        "@firebase/logger": "0.4.0",
        "@firebase/util": "1.9.3",
        "tslib": "^2.1.0"
      }
    },
    "@firebase/performance-compat": {
      "version": "0.2.4",
      "resolved": "https://registry.npmjs.org/@firebase/performance-compat/-/performance-compat-0.2.4.tgz",
      "integrity": "sha512-nnHUb8uP9G8islzcld/k6Bg5RhX62VpbAb/Anj7IXs/hp32Eb2LqFPZK4sy3pKkBUO5wcrlRWQa6wKOxqlUqsg==",
      "requires": {
        "@firebase/component": "0.6.4",
        "@firebase/logger": "0.4.0",
        "@firebase/performance": "0.6.4",
        "@firebase/performance-types": "0.2.0",
        "@firebase/util": "1.9.3",
        "tslib": "^2.1.0"
      }
    },
    "@firebase/performance-types": {
      "version": "0.2.0",
      "resolved": "https://registry.npmjs.org/@firebase/performance-types/-/performance-types-0.2.0.tgz",
      "integrity": "sha512-kYrbr8e/CYr1KLrLYZZt2noNnf+pRwDq2KK9Au9jHrBMnb0/C9X9yWSXmZkFt4UIdsQknBq8uBB7fsybZdOBTA=="
    },
    "@firebase/remote-config": {
      "version": "0.4.4",
      "resolved": "https://registry.npmjs.org/@firebase/remote-config/-/remote-config-0.4.4.tgz",
      "integrity": "sha512-x1ioTHGX8ZwDSTOVp8PBLv2/wfwKzb4pxi0gFezS5GCJwbLlloUH4YYZHHS83IPxnua8b6l0IXUaWd0RgbWwzQ==",
      "requires": {
        "@firebase/component": "0.6.4",
        "@firebase/installations": "0.6.4",
        "@firebase/logger": "0.4.0",
        "@firebase/util": "1.9.3",
        "tslib": "^2.1.0"
      }
    },
    "@firebase/remote-config-compat": {
      "version": "0.2.4",
      "resolved": "https://registry.npmjs.org/@firebase/remote-config-compat/-/remote-config-compat-0.2.4.tgz",
      "integrity": "sha512-FKiki53jZirrDFkBHglB3C07j5wBpitAaj8kLME6g8Mx+aq7u9P7qfmuSRytiOItADhWUj7O1JIv7n9q87SuwA==",
      "requires": {
        "@firebase/component": "0.6.4",
        "@firebase/logger": "0.4.0",
        "@firebase/remote-config": "0.4.4",
        "@firebase/remote-config-types": "0.3.0",
        "@firebase/util": "1.9.3",
        "tslib": "^2.1.0"
      }
    },
    "@firebase/remote-config-types": {
      "version": "0.3.0",
      "resolved": "https://registry.npmjs.org/@firebase/remote-config-types/-/remote-config-types-0.3.0.tgz",
      "integrity": "sha512-RtEH4vdcbXZuZWRZbIRmQVBNsE7VDQpet2qFvq6vwKLBIQRQR5Kh58M4ok3A3US8Sr3rubYnaGqZSurCwI8uMA=="
    },
    "@firebase/storage": {
      "version": "0.11.2",
      "resolved": "https://registry.npmjs.org/@firebase/storage/-/storage-0.11.2.tgz",
      "integrity": "sha512-CtvoFaBI4hGXlXbaCHf8humajkbXhs39Nbh6MbNxtwJiCqxPy9iH3D3CCfXAvP0QvAAwmJUTK3+z9a++Kc4nkA==",
      "requires": {
        "@firebase/component": "0.6.4",
        "@firebase/util": "1.9.3",
        "node-fetch": "2.6.7",
        "tslib": "^2.1.0"
      }
    },
    "@firebase/storage-compat": {
      "version": "0.3.2",
      "resolved": "https://registry.npmjs.org/@firebase/storage-compat/-/storage-compat-0.3.2.tgz",
      "integrity": "sha512-wvsXlLa9DVOMQJckbDNhXKKxRNNewyUhhbXev3t8kSgoCotd1v3MmqhKKz93ePhDnhHnDs7bYHy+Qa8dRY6BXw==",
      "requires": {
        "@firebase/component": "0.6.4",
        "@firebase/storage": "0.11.2",
        "@firebase/storage-types": "0.8.0",
        "@firebase/util": "1.9.3",
        "tslib": "^2.1.0"
      }
    },
    "@firebase/storage-types": {
      "version": "0.8.0",
      "resolved": "https://registry.npmjs.org/@firebase/storage-types/-/storage-types-0.8.0.tgz",
      "integrity": "sha512-isRHcGrTs9kITJC0AVehHfpraWFui39MPaU7Eo8QfWlqW7YPymBmRgjDrlOgFdURh6Cdeg07zmkLP5tzTKRSpg=="
    },
    "@firebase/util": {
      "version": "1.9.3",
      "resolved": "https://registry.npmjs.org/@firebase/util/-/util-1.9.3.tgz",
      "integrity": "sha512-DY02CRhOZwpzO36fHpuVysz6JZrscPiBXD0fXp6qSrL9oNOx5KWICKdR95C0lSITzxp0TZosVyHqzatE8JbcjA==",
      "requires": {
        "tslib": "^2.1.0"
      }
    },
    "@firebase/webchannel-wrapper": {
      "version": "0.9.0",
      "resolved": "https://registry.npmjs.org/@firebase/webchannel-wrapper/-/webchannel-wrapper-0.9.0.tgz",
      "integrity": "sha512-BpiZLBWdLFw+qFel9p3Zs1jD6QmH7Ii4aTDu6+vx8ShdidChZUXqDhYJly4ZjSgQh54miXbBgBrk0S+jTIh/Qg=="
    },
    "@grpc/grpc-js": {
      "version": "1.7.3",
      "resolved": "https://registry.npmjs.org/@grpc/grpc-js/-/grpc-js-1.7.3.tgz",
      "integrity": "sha512-H9l79u4kJ2PVSxUNA08HMYAnUBLj9v6KjYQ7SQ71hOZcEXhShE/y5iQCesP8+6/Ik/7i2O0a10bPquIcYfufog==",
      "requires": {
        "@grpc/proto-loader": "^0.7.0",
        "@types/node": ">=12.12.47"
      },
      "dependencies": {
        "@grpc/proto-loader": {
          "version": "0.7.6",
          "resolved": "https://registry.npmjs.org/@grpc/proto-loader/-/proto-loader-0.7.6.tgz",
          "integrity": "sha512-QyAXR8Hyh7uMDmveWxDSUcJr9NAWaZ2I6IXgAYvQmfflwouTM+rArE2eEaCtLlRqO81j7pRLCt81IefUei6Zbw==",
          "requires": {
            "@types/long": "^4.0.1",
            "lodash.camelcase": "^4.3.0",
            "long": "^4.0.0",
            "protobufjs": "^7.0.0",
            "yargs": "^16.2.0"
          }
        }
      }
    },
    "@grpc/proto-loader": {
      "version": "0.6.13",
      "resolved": "https://registry.npmjs.org/@grpc/proto-loader/-/proto-loader-0.6.13.tgz",
      "integrity": "sha512-FjxPYDRTn6Ec3V0arm1FtSpmP6V50wuph2yILpyvTKzjc76oDdoihXqM1DzOW5ubvCC8GivfCnNtfaRE8myJ7g==",
      "requires": {
        "@types/long": "^4.0.1",
        "lodash.camelcase": "^4.3.0",
        "long": "^4.0.0",
        "protobufjs": "^6.11.3",
        "yargs": "^16.2.0"
      },
      "dependencies": {
        "protobufjs": {
          "version": "6.11.3",
          "resolved": "https://registry.npmjs.org/protobufjs/-/protobufjs-6.11.3.tgz",
          "integrity": "sha512-xL96WDdCZYdU7Slin569tFX712BxsxslWwAfAhCYjQKGTq7dAU91Lomy6nLLhh/dyGhk/YH4TwTSRxTzhuHyZg==",
          "requires": {
            "@protobufjs/aspromise": "^1.1.2",
            "@protobufjs/base64": "^1.1.2",
            "@protobufjs/codegen": "^2.0.4",
            "@protobufjs/eventemitter": "^1.1.0",
            "@protobufjs/fetch": "^1.1.0",
            "@protobufjs/float": "^1.0.2",
            "@protobufjs/inquire": "^1.1.0",
            "@protobufjs/path": "^1.1.2",
            "@protobufjs/pool": "^1.1.0",
            "@protobufjs/utf8": "^1.1.0",
            "@types/long": "^4.0.1",
            "@types/node": ">=13.7.0",
            "long": "^4.0.0"
          }
        }
      }
    },
    "@protobufjs/aspromise": {
      "version": "1.1.2",
      "resolved": "https://registry.npmjs.org/@protobufjs/aspromise/-/aspromise-1.1.2.tgz",
      "integrity": "sha512-j+gKExEuLmKwvz3OgROXtrJ2UG2x8Ch2YZUxahh+s1F2HZ+wAceUNLkvy6zKCPVRkU++ZWQrdxsUeQXmcg4uoQ=="
    },
    "@protobufjs/base64": {
      "version": "1.1.2",
      "resolved": "https://registry.npmjs.org/@protobufjs/base64/-/base64-1.1.2.tgz",
      "integrity": "sha512-AZkcAA5vnN/v4PDqKyMR5lx7hZttPDgClv83E//FMNhR2TMcLUhfRUBHCmSl0oi9zMgDDqRUJkSxO3wm85+XLg=="
    },
    "@protobufjs/codegen": {
      "version": "2.0.4",
      "resolved": "https://registry.npmjs.org/@protobufjs/codegen/-/codegen-2.0.4.tgz",
      "integrity": "sha512-YyFaikqM5sH0ziFZCN3xDC7zeGaB/d0IUb9CATugHWbd1FRFwWwt4ld4OYMPWu5a3Xe01mGAULCdqhMlPl29Jg=="
    },
    "@protobufjs/eventemitter": {
      "version": "1.1.0",
      "resolved": "https://registry.npmjs.org/@protobufjs/eventemitter/-/eventemitter-1.1.0.tgz",
      "integrity": "sha512-j9ednRT81vYJ9OfVuXG6ERSTdEL1xVsNgqpkxMsbIabzSo3goCjDIveeGv5d03om39ML71RdmrGNjG5SReBP/Q=="
    },
    "@protobufjs/fetch": {
      "version": "1.1.0",
      "resolved": "https://registry.npmjs.org/@protobufjs/fetch/-/fetch-1.1.0.tgz",
      "integrity": "sha512-lljVXpqXebpsijW71PZaCYeIcE5on1w5DlQy5WH6GLbFryLUrBD4932W/E2BSpfRJWseIL4v/KPgBFxDOIdKpQ==",
      "requires": {
        "@protobufjs/aspromise": "^1.1.1",
        "@protobufjs/inquire": "^1.1.0"
      }
    },
    "@protobufjs/float": {
      "version": "1.0.2",
      "resolved": "https://registry.npmjs.org/@protobufjs/float/-/float-1.0.2.tgz",
      "integrity": "sha512-Ddb+kVXlXst9d+R9PfTIxh1EdNkgoRe5tOX6t01f1lYWOvJnSPDBlG241QLzcyPdoNTsblLUdujGSE4RzrTZGQ=="
    },
    "@protobufjs/inquire": {
      "version": "1.1.0",
      "resolved": "https://registry.npmjs.org/@protobufjs/inquire/-/inquire-1.1.0.tgz",
      "integrity": "sha512-kdSefcPdruJiFMVSbn801t4vFK7KB/5gd2fYvrxhuJYg8ILrmn9SKSX2tZdV6V+ksulWqS7aXjBcRXl3wHoD9Q=="
    },
    "@protobufjs/path": {
      "version": "1.1.2",
      "resolved": "https://registry.npmjs.org/@protobufjs/path/-/path-1.1.2.tgz",
      "integrity": "sha512-6JOcJ5Tm08dOHAbdR3GrvP+yUUfkjG5ePsHYczMFLq3ZmMkAD98cDgcT2iA1lJ9NVwFd4tH/iSSoe44YWkltEA=="
    },
    "@protobufjs/pool": {
      "version": "1.1.0",
      "resolved": "https://registry.npmjs.org/@protobufjs/pool/-/pool-1.1.0.tgz",
      "integrity": "sha512-0kELaGSIDBKvcgS4zkjz1PeddatrjYcmMWOlAuAPwAeccUrPHdUqo/J6LiymHHEiJT5NrF1UVwxY14f+fy4WQw=="
    },
    "@protobufjs/utf8": {
      "version": "1.1.0",
      "resolved": "https://registry.npmjs.org/@protobufjs/utf8/-/utf8-1.1.0.tgz",
      "integrity": "sha512-Vvn3zZrhQZkkBE8LSuW3em98c0FwgO4nxzv6OdSxPKJIEKY2bGbHn+mhGIPerzI4twdxaP8/0+06HBpwf345Lw=="
    },
    "@types/long": {
      "version": "4.0.2",
      "resolved": "https://registry.npmjs.org/@types/long/-/long-4.0.2.tgz",
      "integrity": "sha512-MqTGEo5bj5t157U6fA/BiDynNkn0YknVdh48CMPkTSpFTVmvao5UQmm7uEF6xBEo7qIMAlY/JSleYaE6VOdpaA=="
    },
    "@types/node": {
      "version": "18.15.11",
      "resolved": "https://registry.npmjs.org/@types/node/-/node-18.15.11.tgz",
      "integrity": "sha512-E5Kwq2n4SbMzQOn6wnmBjuK9ouqlURrcZDVfbo9ftDDTFt3nk7ZKK4GMOzoYgnpQJKcxwQw+lGaBvvlMo0qN/Q=="
    },
    "@types/trusted-types": {
      "version": "2.0.3",
      "resolved": "https://registry.npmjs.org/@types/trusted-types/-/trusted-types-2.0.3.tgz",
      "integrity": "sha512-NfQ4gyz38SL8sDNrSixxU2Os1a5xcdFxipAFxYEuLUlvU2uDwS4NUpsImcf1//SlWItCVMMLiylsxbmNMToV/g=="
    },
    "animate.css": {
      "version": "4.1.1",
      "resolved": "https://registry.npmjs.org/animate.css/-/animate.css-4.1.1.tgz",
      "integrity": "sha512-+mRmCTv6SbCmtYJCN4faJMNFVNN5EuCTTprDTAo7YzIGji2KADmakjVA3+8mVDkZ2Bf09vayB35lSQIex2+QaQ=="
    },
    "ansi-regex": {
      "version": "5.0.1",
      "resolved": "https://registry.npmjs.org/ansi-regex/-/ansi-regex-5.0.1.tgz",
      "integrity": "sha512-quJQXlTSUGL2LH9SUXo8VwsY4soanhgo6LNSm84E1LBcE8s3O0wpdiRzyR9z/ZZJMlMWv37qOOb9pdJlMUEKFQ=="
    },
    "ansi-styles": {
      "version": "4.3.0",
      "resolved": "https://registry.npmjs.org/ansi-styles/-/ansi-styles-4.3.0.tgz",
      "integrity": "sha512-zbB9rCJAT1rbjiVDb2hqKFHNYLxgtk8NURxZ3IZwD3F6NtxbXZQCnnSi1Lkx+IDohdPlFp222wVALIheZJQSEg==",
      "requires": {
        "color-convert": "^2.0.1"
      }
    },
    "async": {
      "version": "2.6.4",
      "resolved": "https://registry.npmjs.org/async/-/async-2.6.4.tgz",
      "integrity": "sha512-mzo5dfJYwAn29PeiJ0zvwTo04zj8HDJj0Mn8TD7sno7q12prdbnasKJHhkm2c1LgrhlJ0teaea8860oxi51mGA==",
      "requires": {
        "lodash": "^4.17.14"
      }
    },
    "basic-auth": {
      "version": "2.0.1",
      "resolved": "https://registry.npmjs.org/basic-auth/-/basic-auth-2.0.1.tgz",
      "integrity": "sha512-NF+epuEdnUYVlGuhaxbbq+dvJttwLnGY+YixlXlME5KpQ5W3CnXA5cVTneY3SPbPDRkcjMbifrwmFYcClgOZeg==",
      "requires": {
        "safe-buffer": "5.1.2"
      }
    },
    "call-bind": {
      "version": "1.0.2",
      "resolved": "https://registry.npmjs.org/call-bind/-/call-bind-1.0.2.tgz",
      "integrity": "sha512-7O+FbCihrB5WGbFYesctwmTKae6rOiIzmz1icreWJ+0aA7LJfuqhEso2T9ncpcFtzMQtzXf2QGGueWJGTYsqrA==",
      "requires": {
        "function-bind": "^1.1.1",
        "get-intrinsic": "^1.0.2"
      }
    },
    "chalk": {
      "version": "4.1.2",
      "resolved": "https://registry.npmjs.org/chalk/-/chalk-4.1.2.tgz",
      "integrity": "sha512-oKnbhFyRIXpUuez8iBMmyEa4nbj4IOQyuhc/wy9kY7/WVPcwIO9VA668Pu8RkO7+0G76SLROeyw9CpQ061i4mA==",
      "requires": {
        "ansi-styles": "^4.1.0",
        "supports-color": "^7.1.0"
      }
    },
    "cliui": {
      "version": "7.0.4",
      "resolved": "https://registry.npmjs.org/cliui/-/cliui-7.0.4.tgz",
      "integrity": "sha512-OcRE68cOsVMXp1Yvonl/fzkQOyjLSu/8bhPDfQt0e0/Eb283TKP20Fs2MqoPsr9SwA595rRCA+QMzYc9nBP+JQ==",
      "requires": {
        "string-width": "^4.2.0",
        "strip-ansi": "^6.0.0",
        "wrap-ansi": "^7.0.0"
      }
    },
    "color-convert": {
      "version": "2.0.1",
      "resolved": "https://registry.npmjs.org/color-convert/-/color-convert-2.0.1.tgz",
      "integrity": "sha512-RRECPsj7iu/xb5oKYcsFHSppFNnsj/52OVTRKb4zP5onXwVF3zVmmToNcOfGC+CRDpfK/U584fMg38ZHCaElKQ==",
      "requires": {
        "color-name": "~1.1.4"
      }
    },
    "color-name": {
      "version": "1.1.4",
      "resolved": "https://registry.npmjs.org/color-name/-/color-name-1.1.4.tgz",
      "integrity": "sha512-dOy+3AuW3a2wNbZHIuMZpTcgjGuLU/uBL/ubcZF9OXbDo8ff4O8yVp5Bf0efS8uEoYo5q4Fx7dY9OgQGXgAsQA=="
    },
    "corser": {
      "version": "2.0.1",
      "resolved": "https://registry.npmjs.org/corser/-/corser-2.0.1.tgz",
      "integrity": "sha512-utCYNzRSQIZNPIcGZdQc92UVJYAhtGAteCFg0yRaFm8f0P+CPtyGyHXJcGXnffjCybUCEx3FQ2G7U3/o9eIkVQ=="
    },
    "debug": {
      "version": "3.2.7",
      "resolved": "https://registry.npmjs.org/debug/-/debug-3.2.7.tgz",
      "integrity": "sha512-CFjzYYAi4ThfiQvizrFQevTTXHtnCqWfe7x1AhgEscTz6ZbLbfoLRLPugTQyBth6f8ZERVUSyWHFD/7Wu4t1XQ==",
      "requires": {
        "ms": "^2.1.1"
      }
    },
    "emoji-regex": {
      "version": "8.0.0",
      "resolved": "https://registry.npmjs.org/emoji-regex/-/emoji-regex-8.0.0.tgz",
      "integrity": "sha512-MSjYzcWNOA0ewAHpz0MxpYFvwg6yjy1NG3xteoqz644VCo/RPgnr1/GGt+ic3iJTzQ8Eu3TdM14SawnVUmGE6A=="
    },
    "escalade": {
      "version": "3.1.1",
      "resolved": "https://registry.npmjs.org/escalade/-/escalade-3.1.1.tgz",
      "integrity": "sha512-k0er2gUkLf8O0zKJiAhmkTnJlTvINGv7ygDNPbeIsX/TJjGJZHuh9B2UxbsaEkmlEo9MfhrSzmhIlhRlI2GXnw=="
    },
    "eventemitter3": {
      "version": "4.0.7",
      "resolved": "https://registry.npmjs.org/eventemitter3/-/eventemitter3-4.0.7.tgz",
      "integrity": "sha512-8guHBZCwKnFhYdHr2ysuRWErTwhoN2X8XELRlrRwpmfeY2jjuUN4taQMsULKUVo1K4DvZl+0pgfyoysHxvmvEw=="
    },
    "faye-websocket": {
      "version": "0.11.4",
      "resolved": "https://registry.npmjs.org/faye-websocket/-/faye-websocket-0.11.4.tgz",
      "integrity": "sha512-CzbClwlXAuiRQAlUyfqPgvPoNKTckTPGfwZV4ZdAhVcP2lh9KUxJg2b5GkE7XbjKQ3YJnQ9z6D9ntLAlB+tP8g==",
      "requires": {
        "websocket-driver": ">=0.5.1"
      }
    },
    "firebase": {
      "version": "9.19.1",
      "resolved": "https://registry.npmjs.org/firebase/-/firebase-9.19.1.tgz",
      "integrity": "sha512-MeukV4NIk6usV1ZbnoA36gumK62JzxOZmF6OZyqkFwJ7edpAEyYNZXvExQlFsvnx2ery0UwNIvu4pKIZS3HiEQ==",
      "requires": {
        "@firebase/analytics": "0.9.5",
        "@firebase/analytics-compat": "0.2.5",
        "@firebase/app": "0.9.7",
        "@firebase/app-check": "0.6.4",
        "@firebase/app-check-compat": "0.3.4",
        "@firebase/app-compat": "0.2.7",
        "@firebase/app-types": "0.9.0",
        "@firebase/auth": "0.22.0",
        "@firebase/auth-compat": "0.3.7",
        "@firebase/database": "0.14.4",
        "@firebase/database-compat": "0.3.4",
        "@firebase/firestore": "3.10.0",
        "@firebase/firestore-compat": "0.3.6",
        "@firebase/functions": "0.9.4",
        "@firebase/functions-compat": "0.3.4",
        "@firebase/installations": "0.6.4",
        "@firebase/installations-compat": "0.2.4",
        "@firebase/messaging": "0.12.4",
        "@firebase/messaging-compat": "0.2.4",
        "@firebase/performance": "0.6.4",
        "@firebase/performance-compat": "0.2.4",
        "@firebase/remote-config": "0.4.4",
        "@firebase/remote-config-compat": "0.2.4",
        "@firebase/storage": "0.11.2",
        "@firebase/storage-compat": "0.3.2",
        "@firebase/util": "1.9.3"
      }
    },
    "follow-redirects": {
      "version": "1.15.2",
      "resolved": "https://registry.npmjs.org/follow-redirects/-/follow-redirects-1.15.2.tgz",
      "integrity": "sha512-VQLG33o04KaQ8uYi2tVNbdrWp1QWxNNea+nmIB4EVM28v0hmP17z7aG1+wAkNzVq4KeXTq3221ye5qTJP91JwA=="
    },
    "function-bind": {
      "version": "1.1.1",
      "resolved": "https://registry.npmjs.org/function-bind/-/function-bind-1.1.1.tgz",
      "integrity": "sha512-yIovAzMX49sF8Yl58fSCWJ5svSLuaibPxXQJFLmBObTuCr0Mf1KiPopGM9NiFjiYBCbfaa2Fh6breQ6ANVTI0A=="
    },
    "get-caller-file": {
      "version": "2.0.5",
      "resolved": "https://registry.npmjs.org/get-caller-file/-/get-caller-file-2.0.5.tgz",
      "integrity": "sha512-DyFP3BM/3YHTQOCUL/w0OZHR0lpKeGrxotcHWcqNEdnltqFwXVfhEBQ94eIo34AfQpo0rGki4cyIiftY06h2Fg=="
    },
    "get-intrinsic": {
      "version": "1.2.0",
      "resolved": "https://registry.npmjs.org/get-intrinsic/-/get-intrinsic-1.2.0.tgz",
      "integrity": "sha512-L049y6nFOuom5wGyRc3/gdTLO94dySVKRACj1RmJZBQXlbTMhtNIgkWkUHq+jYmZvKf14EW1EoJnnjbmoHij0Q==",
      "requires": {
        "function-bind": "^1.1.1",
        "has": "^1.0.3",
        "has-symbols": "^1.0.3"
      }
    },
    "has": {
      "version": "1.0.3",
      "resolved": "https://registry.npmjs.org/has/-/has-1.0.3.tgz",
      "integrity": "sha512-f2dvO0VU6Oej7RkWJGrehjbzMAjFp5/VKPp5tTpWIV4JHHZK1/BxbFRtf/siA2SWTe09caDmVtYYzWEIbBS4zw==",
      "requires": {
        "function-bind": "^1.1.1"
      }
    },
    "has-flag": {
      "version": "4.0.0",
      "resolved": "https://registry.npmjs.org/has-flag/-/has-flag-4.0.0.tgz",
      "integrity": "sha512-EykJT/Q1KjTWctppgIAgfSO0tKVuZUjhgMr17kqTumMl6Afv3EISleU7qZUzoXDFTAHTDC4NOoG/ZxU3EvlMPQ=="
    },
    "has-symbols": {
      "version": "1.0.3",
      "resolved": "https://registry.npmjs.org/has-symbols/-/has-symbols-1.0.3.tgz",
      "integrity": "sha512-l3LCuF6MgDNwTDKkdYGEihYjt5pRPbEg46rtlmnSPlUbgmB8LOIrKJbYYFBSbnPaJexMKtiPO8hmeRjRz2Td+A=="
    },
    "he": {
      "version": "1.2.0",
      "resolved": "https://registry.npmjs.org/he/-/he-1.2.0.tgz",
      "integrity": "sha512-F/1DnUGPopORZi0ni+CvrCgHQ5FyEAHRLSApuYWMmrbSwoN2Mn/7k+Gl38gJnR7yyDZk6WLXwiGod1JOWNDKGw=="
    },
    "html-encoding-sniffer": {
      "version": "3.0.0",
      "resolved": "https://registry.npmjs.org/html-encoding-sniffer/-/html-encoding-sniffer-3.0.0.tgz",
      "integrity": "sha512-oWv4T4yJ52iKrufjnyZPkrN0CH3QnrUqdB6In1g5Fe1mia8GmF36gnfNySxoZtxD5+NmYw1EElVXiBk93UeskA==",
      "requires": {
        "whatwg-encoding": "^2.0.0"
      }
    },
    "http-parser-js": {
      "version": "0.5.8",
      "resolved": "https://registry.npmjs.org/http-parser-js/-/http-parser-js-0.5.8.tgz",
      "integrity": "sha512-SGeBX54F94Wgu5RH3X5jsDtf4eHyRogWX1XGT3b4HuW3tQPM4AaBzoUji/4AAJNXCEOWZ5O0DgZmJw1947gD5Q=="
    },
    "http-proxy": {
      "version": "1.18.1",
      "resolved": "https://registry.npmjs.org/http-proxy/-/http-proxy-1.18.1.tgz",
      "integrity": "sha512-7mz/721AbnJwIVbnaSv1Cz3Am0ZLT/UBwkC92VlxhXv/k/BBQfM2fXElQNC27BVGr0uwUpplYPQM9LnaBMR5NQ==",
      "requires": {
        "eventemitter3": "^4.0.0",
        "follow-redirects": "^1.0.0",
        "requires-port": "^1.0.0"
      }
    },
    "http-server": {
      "version": "14.1.1",
      "resolved": "https://registry.npmjs.org/http-server/-/http-server-14.1.1.tgz",
      "integrity": "sha512-+cbxadF40UXd9T01zUHgA+rlo2Bg1Srer4+B4NwIHdaGxAGGv59nYRnGGDJ9LBk7alpS0US+J+bLLdQOOkJq4A==",
      "requires": {
        "basic-auth": "^2.0.1",
        "chalk": "^4.1.2",
        "corser": "^2.0.1",
        "he": "^1.2.0",
        "html-encoding-sniffer": "^3.0.0",
        "http-proxy": "^1.18.1",
        "mime": "^1.6.0",
        "minimist": "^1.2.6",
        "opener": "^1.5.1",
        "portfinder": "^1.0.28",
        "secure-compare": "3.0.1",
        "union": "~0.5.0",
        "url-join": "^4.0.1"
      }
    },
    "iconv-lite": {
      "version": "0.6.3",
      "resolved": "https://registry.npmjs.org/iconv-lite/-/iconv-lite-0.6.3.tgz",
      "integrity": "sha512-4fCk79wshMdzMp2rH06qWrJE4iolqLhCUH+OiuIgU++RB0+94NlDL81atO7GX55uUKueo0txHNtvEyI6D7WdMw==",
      "requires": {
        "safer-buffer": ">= 2.1.2 < 3.0.0"
      }
    },
    "idb": {
      "version": "7.0.1",
      "resolved": "https://registry.npmjs.org/idb/-/idb-7.0.1.tgz",
      "integrity": "sha512-UUxlE7vGWK5RfB/fDwEGgRf84DY/ieqNha6msMV99UsEMQhJ1RwbCd8AYBj3QMgnE3VZnfQvm4oKVCJTYlqIgg=="
    },
    "is-fullwidth-code-point": {
      "version": "3.0.0",
      "resolved": "https://registry.npmjs.org/is-fullwidth-code-point/-/is-fullwidth-code-point-3.0.0.tgz",
      "integrity": "sha512-zymm5+u+sCsSWyD9qNaejV3DFvhCKclKdizYaJUuHA83RLjb7nSuGnddCHGv0hk+KY7BMAlsWeK4Ueg6EV6XQg=="
    },
    "isarray": {
      "version": "0.0.1",
      "resolved": "https://registry.npmjs.org/isarray/-/isarray-0.0.1.tgz",
      "integrity": "sha512-D2S+3GLxWH+uhrNEcoh/fnmYeP8E8/zHl644d/jdA0g2uyXvy3sb0qxotE+ne0LtccHknQzWwZEzhak7oJ0COQ=="
    },
    "lit-html": {
      "version": "2.6.1",
      "resolved": "https://registry.npmjs.org/lit-html/-/lit-html-2.6.1.tgz",
      "integrity": "sha512-Z3iw+E+3KKFn9t2YKNjsXNEu/LRLI98mtH/C6lnFg7kvaqPIzPn124Yd4eT/43lyqrejpc5Wb6BHq3fdv4S8Rw==",
      "requires": {
        "@types/trusted-types": "^2.0.2"
      }
    },
    "lodash": {
      "version": "4.17.21",
      "resolved": "https://registry.npmjs.org/lodash/-/lodash-4.17.21.tgz",
      "integrity": "sha512-v2kDEe57lecTulaDIuNTPy3Ry4gLGJ6Z1O3vE1krgXZNrsQ+LFTGHVxVjcXPs17LhbZVGedAJv8XZ1tvj5FvSg=="
    },
    "lodash.camelcase": {
      "version": "4.3.0",
      "resolved": "https://registry.npmjs.org/lodash.camelcase/-/lodash.camelcase-4.3.0.tgz",
      "integrity": "sha512-TwuEnCnxbc3rAvhf/LbG7tJUDzhqXyFnv3dtzLOPgCG/hODL7WFnsbwktkD7yUV0RrreP/l1PALq/YSg6VvjlA=="
    },
    "long": {
      "version": "4.0.0",
      "resolved": "https://registry.npmjs.org/long/-/long-4.0.0.tgz",
      "integrity": "sha512-XsP+KhQif4bjX1kbuSiySJFNAehNxgLb6hPRGJ9QsUr8ajHkuXGdrHmFUTUUXhDwVX2R5bY4JNZEwbUiMhV+MA=="
    },
    "mime": {
      "version": "1.6.0",
      "resolved": "https://registry.npmjs.org/mime/-/mime-1.6.0.tgz",
      "integrity": "sha512-x0Vn8spI+wuJ1O6S7gnbaQg8Pxh4NNHb7KSINmEWKiPE4RKOplvijn+NkmYmmRgP68mc70j2EbeTFRsrswaQeg=="
    },
    "minimist": {
      "version": "1.2.8",
      "resolved": "https://registry.npmjs.org/minimist/-/minimist-1.2.8.tgz",
      "integrity": "sha512-2yyAR8qBkN3YuheJanUpWC5U3bb5osDywNB8RzDVlDwDHbocAJveqqj1u8+SVD7jkWT4yvsHCpWqqWqAxb0zCA=="
    },
    "mkdirp": {
      "version": "0.5.6",
      "resolved": "https://registry.npmjs.org/mkdirp/-/mkdirp-0.5.6.tgz",
      "integrity": "sha512-FP+p8RB8OWpF3YZBCrP5gtADmtXApB5AMLn+vdyA+PyxCjrCs00mjyUozssO33cwDeT3wNGdLxJ5M//YqtHAJw==",
      "requires": {
        "minimist": "^1.2.6"
      }
    },
    "ms": {
      "version": "2.1.3",
      "resolved": "https://registry.npmjs.org/ms/-/ms-2.1.3.tgz",
      "integrity": "sha512-6FlzubTLZG3J2a/NVCAleEhjzq5oxgHyaCU9yYXvcLsvoVaHJq/s5xXI6/XXP6tz7R9xAOtHnSO/tXtF3WRTlA=="
    },
    "node-fetch": {
      "version": "2.6.7",
      "resolved": "https://registry.npmjs.org/node-fetch/-/node-fetch-2.6.7.tgz",
      "integrity": "sha512-ZjMPFEfVx5j+y2yF35Kzx5sF7kDzxuDj6ziH4FFbOp87zKDZNx8yExJIb05OGF4Nlt9IHFIMBkRl41VdvcNdbQ==",
      "requires": {
        "whatwg-url": "^5.0.0"
      }
    },
    "object-inspect": {
      "version": "1.12.3",
      "resolved": "https://registry.npmjs.org/object-inspect/-/object-inspect-1.12.3.tgz",
      "integrity": "sha512-geUvdk7c+eizMNUDkRpW1wJwgfOiOeHbxBR/hLXK1aT6zmVSO0jsQcs7fj6MGw89jC/cjGfLcNOrtMYtGqm81g=="
    },
    "opener": {
      "version": "1.5.2",
      "resolved": "https://registry.npmjs.org/opener/-/opener-1.5.2.tgz",
      "integrity": "sha512-ur5UIdyw5Y7yEj9wLzhqXiy6GZ3Mwx0yGI+5sMn2r0N0v3cKJvUmFH5yPP+WXh9e0xfyzyJX95D8l088DNFj7A=="
    },
    "page": {
      "version": "1.11.6",
      "resolved": "https://registry.npmjs.org/page/-/page-1.11.6.tgz",
      "integrity": "sha512-P6e2JfzkBrPeFCIPplLP7vDDiU84RUUZMrWdsH4ZBGJ8OosnwFkcUkBHp1DTIjuipLliw9yQn/ZJsXZvarsO+g==",
      "requires": {
        "path-to-regexp": "~1.2.1"
      }
    },
    "path-to-regexp": {
      "version": "1.2.1",
      "resolved": "https://registry.npmjs.org/path-to-regexp/-/path-to-regexp-1.2.1.tgz",
      "integrity": "sha512-DBw9IhWfevR2zCVwEZURTuQNseCvu/Q9f5ZgqMCK0Rh61bDa4uyjPAOy9b55yKiPT59zZn+7uYKxmWwsguInwg==",
      "requires": {
        "isarray": "0.0.1"
      }
    },
    "portfinder": {
      "version": "1.0.32",
      "resolved": "https://registry.npmjs.org/portfinder/-/portfinder-1.0.32.tgz",
      "integrity": "sha512-on2ZJVVDXRADWE6jnQaX0ioEylzgBpQk8r55NE4wjXW1ZxO+BgDlY6DXwj20i0V8eB4SenDQ00WEaxfiIQPcxg==",
      "requires": {
        "async": "^2.6.4",
        "debug": "^3.2.7",
        "mkdirp": "^0.5.6"
      }
    },
    "protobufjs": {
      "version": "7.2.3",
      "resolved": "https://registry.npmjs.org/protobufjs/-/protobufjs-7.2.3.tgz",
      "integrity": "sha512-TtpvOqwB5Gdz/PQmOjgsrGH1nHjAQVCN7JG4A6r1sXRWESL5rNMAiRcBQlCAdKxZcAbstExQePYG8xof/JVRgg==",
      "requires": {
        "@protobufjs/aspromise": "^1.1.2",
        "@protobufjs/base64": "^1.1.2",
        "@protobufjs/codegen": "^2.0.4",
        "@protobufjs/eventemitter": "^1.1.0",
        "@protobufjs/fetch": "^1.1.0",
        "@protobufjs/float": "^1.0.2",
        "@protobufjs/inquire": "^1.1.0",
        "@protobufjs/path": "^1.1.2",
        "@protobufjs/pool": "^1.1.0",
        "@protobufjs/utf8": "^1.1.0",
        "@types/node": ">=13.7.0",
        "long": "^5.0.0"
      },
      "dependencies": {
        "long": {
          "version": "5.2.1",
          "resolved": "https://registry.npmjs.org/long/-/long-5.2.1.tgz",
          "integrity": "sha512-GKSNGeNAtw8IryjjkhZxuKB3JzlcLTwjtiQCHKvqQet81I93kXslhDQruGI/QsddO83mcDToBVy7GqGS/zYf/A=="
        }
      }
    },
    "qs": {
      "version": "6.11.1",
      "resolved": "https://registry.npmjs.org/qs/-/qs-6.11.1.tgz",
      "integrity": "sha512-0wsrzgTz/kAVIeuxSjnpGC56rzYtr6JT/2BwEvMaPhFIoYa1aGO8LbzuU1R0uUYQkLpWBTOj0l/CLAJB64J6nQ==",
      "requires": {
        "side-channel": "^1.0.4"
      }
    },
    "require-directory": {
      "version": "2.1.1",
      "resolved": "https://registry.npmjs.org/require-directory/-/require-directory-2.1.1.tgz",
      "integrity": "sha512-fGxEI7+wsG9xrvdjsrlmL22OMTTiHRwAMroiEeMgq8gzoLC/PQr7RsRDSTLUg/bZAZtF+TVIkHc6/4RIKrui+Q=="
    },
    "requires-port": {
      "version": "1.0.0",
      "resolved": "https://registry.npmjs.org/requires-port/-/requires-port-1.0.0.tgz",
      "integrity": "sha512-KigOCHcocU3XODJxsu8i/j8T9tzT4adHiecwORRQ0ZZFcp7ahwXuRU1m+yuO90C5ZUyGeGfocHDI14M3L3yDAQ=="
    },
    "safe-buffer": {
      "version": "5.1.2",
      "resolved": "https://registry.npmjs.org/safe-buffer/-/safe-buffer-5.1.2.tgz",
      "integrity": "sha512-Gd2UZBJDkXlY7GbJxfsE8/nvKkUEU1G38c1siN6QP6a9PT9MmHB8GnpscSmMJSoF8LOIrt8ud/wPtojys4G6+g=="
    },
    "safer-buffer": {
      "version": "2.1.2",
      "resolved": "https://registry.npmjs.org/safer-buffer/-/safer-buffer-2.1.2.tgz",
      "integrity": "sha512-YZo3K82SD7Riyi0E1EQPojLz7kpepnSQI9IyPbHHg1XXXevb5dJI7tpyN2ADxGcQbHG7vcyRHk0cbwqcQriUtg=="
    },
    "secure-compare": {
      "version": "3.0.1",
      "resolved": "https://registry.npmjs.org/secure-compare/-/secure-compare-3.0.1.tgz",
      "integrity": "sha512-AckIIV90rPDcBcglUwXPF3kg0P0qmPsPXAj6BBEENQE1p5yA1xfmDJzfi1Tappj37Pv2mVbKpL3Z1T+Nn7k1Qw=="
    },
    "side-channel": {
      "version": "1.0.4",
      "resolved": "https://registry.npmjs.org/side-channel/-/side-channel-1.0.4.tgz",
      "integrity": "sha512-q5XPytqFEIKHkGdiMIrY10mvLRvnQh42/+GoBlFW3b2LXLE2xxJpZFdm94we0BaoV3RwJyGqg5wS7epxTv0Zvw==",
      "requires": {
        "call-bind": "^1.0.0",
        "get-intrinsic": "^1.0.2",
        "object-inspect": "^1.9.0"
      }
    },
    "string-width": {
      "version": "4.2.3",
      "resolved": "https://registry.npmjs.org/string-width/-/string-width-4.2.3.tgz",
      "integrity": "sha512-wKyQRQpjJ0sIp62ErSZdGsjMJWsap5oRNihHhu6G7JVO/9jIB6UyevL+tXuOqrng8j/cxKTWyWUwvSTriiZz/g==",
      "requires": {
        "emoji-regex": "^8.0.0",
        "is-fullwidth-code-point": "^3.0.0",
        "strip-ansi": "^6.0.1"
      }
    },
    "strip-ansi": {
      "version": "6.0.1",
      "resolved": "https://registry.npmjs.org/strip-ansi/-/strip-ansi-6.0.1.tgz",
      "integrity": "sha512-Y38VPSHcqkFrCpFnQ9vuSXmquuv5oXOKpGeT6aGrr3o3Gc9AlVa6JBfUSOCnbxGGZF+/0ooI7KrPuUSztUdU5A==",
      "requires": {
        "ansi-regex": "^5.0.1"
      }
    },
    "supports-color": {
      "version": "7.2.0",
      "resolved": "https://registry.npmjs.org/supports-color/-/supports-color-7.2.0.tgz",
      "integrity": "sha512-qpCAvRl9stuOHveKsn7HncJRvv501qIacKzQlO/+Lwxc9+0q2wLyv4Dfvt80/DPn2pqOBsJdDiogXGR9+OvwRw==",
      "requires": {
        "has-flag": "^4.0.0"
      }
    },
    "tr46": {
      "version": "0.0.3",
      "resolved": "https://registry.npmjs.org/tr46/-/tr46-0.0.3.tgz",
      "integrity": "sha512-N3WMsuqV66lT30CrXNbEjx4GEwlow3v6rr4mCcv6prnfwhS01rkgyFdjPNBYd9br7LpXV1+Emh01fHnq2Gdgrw=="
    },
    "tslib": {
      "version": "2.5.0",
      "resolved": "https://registry.npmjs.org/tslib/-/tslib-2.5.0.tgz",
      "integrity": "sha512-336iVw3rtn2BUK7ORdIAHTyxHGRIHVReokCR3XjbckJMK7ms8FysBfhLR8IXnAgy7T0PTPNBWKiH514FOW/WSg=="
    },
    "union": {
      "version": "0.5.0",
      "resolved": "https://registry.npmjs.org/union/-/union-0.5.0.tgz",
      "integrity": "sha512-N6uOhuW6zO95P3Mel2I2zMsbsanvvtgn6jVqJv4vbVcz/JN0OkL9suomjQGmWtxJQXOCqUJvquc1sMeNz/IwlA==",
      "requires": {
        "qs": "^6.4.0"
      }
    },
    "url-join": {
      "version": "4.0.1",
      "resolved": "https://registry.npmjs.org/url-join/-/url-join-4.0.1.tgz",
      "integrity": "sha512-jk1+QP6ZJqyOiuEI9AEWQfju/nB2Pw466kbA0LEZljHwKeMgd9WrAEgEGxjPDD2+TNbbb37rTyhEfrCXfuKXnA=="
    },
    "webidl-conversions": {
      "version": "3.0.1",
      "resolved": "https://registry.npmjs.org/webidl-conversions/-/webidl-conversions-3.0.1.tgz",
      "integrity": "sha512-2JAn3z8AR6rjK8Sm8orRC0h/bcl/DqL7tRPdGZ4I1CjdF+EaMLmYxBHyXuKL849eucPFhvBoxMsflfOb8kxaeQ=="
    },
    "websocket-driver": {
      "version": "0.7.4",
      "resolved": "https://registry.npmjs.org/websocket-driver/-/websocket-driver-0.7.4.tgz",
      "integrity": "sha512-b17KeDIQVjvb0ssuSDF2cYXSg2iztliJ4B9WdsuB6J952qCPKmnVq4DyW5motImXHDC1cBT/1UezrJVsKw5zjg==",
      "requires": {
        "http-parser-js": ">=0.5.1",
        "safe-buffer": ">=5.1.0",
        "websocket-extensions": ">=0.1.1"
      }
    },
    "websocket-extensions": {
      "version": "0.1.4",
      "resolved": "https://registry.npmjs.org/websocket-extensions/-/websocket-extensions-0.1.4.tgz",
      "integrity": "sha512-OqedPIGOfsDlo31UNwYbCFMSaO9m9G/0faIHj5/dZFDMFqPTcx6UwqyOy3COEaEOg/9VsGIpdqn62W5KhoKSpg=="
    },
    "whatwg-encoding": {
      "version": "2.0.0",
      "resolved": "https://registry.npmjs.org/whatwg-encoding/-/whatwg-encoding-2.0.0.tgz",
      "integrity": "sha512-p41ogyeMUrw3jWclHWTQg1k05DSVXPLcVxRTYsXUk+ZooOCZLcoYgPZ/HL/D/N+uQPOtcp1me1WhBEaX02mhWg==",
      "requires": {
        "iconv-lite": "0.6.3"
      }
    },
    "whatwg-url": {
      "version": "5.0.0",
      "resolved": "https://registry.npmjs.org/whatwg-url/-/whatwg-url-5.0.0.tgz",
      "integrity": "sha512-saE57nupxk6v3HY35+jzBwYa0rKSy0XR8JSxZPwgLr7ys0IBzhGviA1/TUGJLmSVqs8pb9AnvICXEuOHLprYTw==",
      "requires": {
        "tr46": "~0.0.3",
        "webidl-conversions": "^3.0.0"
      }
    },
    "wrap-ansi": {
      "version": "7.0.0",
      "resolved": "https://registry.npmjs.org/wrap-ansi/-/wrap-ansi-7.0.0.tgz",
      "integrity": "sha512-YVGIj2kamLSTxw6NsZjoBxfSwsn0ycdesmc4p+Q21c5zPuZ1pl+NfxVdxPtdHvmNVOQ6XSYG4AUtyt/Fi7D16Q==",
      "requires": {
        "ansi-styles": "^4.0.0",
        "string-width": "^4.1.0",
        "strip-ansi": "^6.0.0"
      }
    },
    "y18n": {
      "version": "5.0.8",
      "resolved": "https://registry.npmjs.org/y18n/-/y18n-5.0.8.tgz",
      "integrity": "sha512-0pfFzegeDWJHJIAmTLRP2DwHjdF5s7jo9tuztdQxAhINCdvS+3nGINqPd00AphqJR/0LhANUS6/+7SCb98YOfA=="
    },
    "yargs": {
      "version": "16.2.0",
      "resolved": "https://registry.npmjs.org/yargs/-/yargs-16.2.0.tgz",
      "integrity": "sha512-D1mvvtDG0L5ft/jGWkLpG1+m0eQxOfaBvTNELraWj22wSVUMWxZUvYgJYcKh6jGGIkJFhH4IZPQhR4TKpc8mBw==",
      "requires": {
        "cliui": "^7.0.2",
        "escalade": "^3.1.1",
        "get-caller-file": "^2.0.5",
        "require-directory": "^2.1.1",
        "string-width": "^4.2.0",
        "y18n": "^5.0.5",
        "yargs-parser": "^20.2.2"
      }
    },
    "yargs-parser": {
      "version": "20.2.9",
      "resolved": "https://registry.npmjs.org/yargs-parser/-/yargs-parser-20.2.9.tgz",
      "integrity": "sha512-y11nGElTIV+CT3Zv9t7VKl+Q3hTQoT9a1Qzezhhl6Rp21gJ/IVTW7Z3y9EWXhuUBC2Shnf+DX0antecpAwSP8w=="
    }
  }
}
